
Microsoft Visual Studio Solution File, Format Version 12.00
# Visual Studio Version 16
VisualStudioVersion = 16.0.31424.327
MinimumVisualStudioVersion = 10.0.40219.1
Project("{2150E333-8FDC-42A3-9474-1A3956D46DE8}") = "resources", "resources", "{9E790765-6F01-4BB7-9147-4BD474A8324F}"
	ProjectSection(SolutionItems) = preProject
		resources\1.Modelo-de-negocio.md = resources\1.Modelo-de-negocio.md
		resources\example.config = resources\example.config
		resources\template.hbm.xml = resources\template.hbm.xml
	EndProjectSection
EndProject
Project("{FAE04EC0-301F-11D3-BF4B-00C04F79EFBC}") = "Biblioseca.ConsoleApp", "Biblioseca.ConsoleApp\Biblioseca.ConsoleApp.csproj", "{62CFA618-8F5B-45D6-AB74-B58AC3866AD1}"
EndProject
Project("{FAE04EC0-301F-11D3-BF4B-00C04F79EFBC}") = "Biblioseca.Model", "Biblioseca.Model\Biblioseca.Model.csproj", "{8AD0BAF3-2969-4C3F-92B8-41BF69056795}"
EndProject
Global
	GlobalSection(SolutionConfigurationPlatforms) = preSolution
		Debug|Any CPU = Debug|Any CPU
		Release|Any CPU = Release|Any CPU
	EndGlobalSection
	GlobalSection(ProjectConfigurationPlatforms) = postSolution
		{62CFA618-8F5B-45D6-AB74-B58AC3866AD1}.Debug|Any CPU.ActiveCfg = Debug|Any CPU
		{62CFA618-8F5B-45D6-AB74-B58AC3866AD1}.Debug|Any CPU.Build.0 = Debug|Any CPU
		{62CFA618-8F5B-45D6-AB74-B58AC3866AD1}.Release|Any CPU.ActiveCfg = Release|Any CPU
		{62CFA618-8F5B-45D6-AB74-B58AC3866AD1}.Release|Any CPU.Build.0 = Release|Any CPU
		{8AD0BAF3-2969-4C3F-92B8-41BF69056795}.Debug|Any CPU.ActiveCfg = Debug|Any CPU
		{8AD0BAF3-2969-4C3F-92B8-41BF69056795}.Debug|Any CPU.Build.0 = Debug|Any CPU
		{8AD0BAF3-2969-4C3F-92B8-41BF69056795}.Release|Any CPU.ActiveCfg = Release|Any CPU
		{8AD0BAF3-2969-4C3F-92B8-41BF69056795}.Release|Any CPU.Build.0 = Release|Any CPU
	EndGlobalSection
	GlobalSection(SolutionProperties) = preSolution
		HideSolutionNode = FALSE
	EndGlobalSection
	GlobalSection(ExtensibilityGlobals) = postSolution
		SolutionGuid = {C2AAD3FF-15FA-43FD-8DA9-61C216EC70A3}
	EndGlobalSection
EndGlobal
